
Microsoft Visual Studio Solution File, Format Version 12.00
# Visual Studio 2013
VisualStudioVersion = 12.0.30723.0
MinimumVisualStudioVersion = 10.0.40219.1
Project("{FAE04EC0-301F-11D3-BF4B-00C04F79EFBC}") = "WatchShop", "WatchShop\WatchShop.csproj", "{F83DFC8C-8ACC-42C5-BEF6-CEC1678EAC3E}"
EndProject
Project("{FAE04EC0-301F-11D3-BF4B-00C04F79EFBC}") = "WatchShopService", "WatchShopService\WatchShopService.csproj", "{C4018919-138E-49F4-933A-6236B9E1978C}"
EndProject
Project("{FAE04EC0-301F-11D3-BF4B-00C04F79EFBC}") = "Models", "Models\Models.csproj", "{7A47D30C-E99A-45DF-8003-45A8573A323C}"
EndProject
Global
	GlobalSection(SolutionConfigurationPlatforms) = preSolution
		Debug|Any CPU = Debug|Any CPU
		Release|Any CPU = Release|Any CPU
	EndGlobalSection
	GlobalSection(ProjectConfigurationPlatforms) = postSolution
		{F83DFC8C-8ACC-42C5-BEF6-CEC1678EAC3E}.Debug|Any CPU.ActiveCfg = Debug|Any CPU
		{F83DFC8C-8ACC-42C5-BEF6-CEC1678EAC3E}.Debug|Any CPU.Build.0 = Debug|Any CPU
		{F83DFC8C-8ACC-42C5-BEF6-CEC1678EAC3E}.Release|Any CPU.ActiveCfg = Release|Any CPU
		{F83DFC8C-8ACC-42C5-BEF6-CEC1678EAC3E}.Release|Any CPU.Build.0 = Release|Any CPU
		{C4018919-138E-49F4-933A-6236B9E1978C}.Debug|Any CPU.ActiveCfg = Debug|Any CPU
		{C4018919-138E-49F4-933A-6236B9E1978C}.Debug|Any CPU.Build.0 = Debug|Any CPU
		{C4018919-138E-49F4-933A-6236B9E1978C}.Release|Any CPU.ActiveCfg = Release|Any CPU
		{C4018919-138E-49F4-933A-6236B9E1978C}.Release|Any CPU.Build.0 = Release|Any CPU
		{7A47D30C-E99A-45DF-8003-45A8573A323C}.Debug|Any CPU.ActiveCfg = Debug|Any CPU
		{7A47D30C-E99A-45DF-8003-45A8573A323C}.Debug|Any CPU.Build.0 = Debug|Any CPU
		{7A47D30C-E99A-45DF-8003-45A8573A323C}.Release|Any CPU.ActiveCfg = Release|Any CPU
		{7A47D30C-E99A-45DF-8003-45A8573A323C}.Release|Any CPU.Build.0 = Release|Any CPU
	EndGlobalSection
	GlobalSection(SolutionProperties) = preSolution
		HideSolutionNode = FALSE
	EndGlobalSection
EndGlobal
